// !$*UTF8*$!
{
	archiveVersion = 1;
	classes = {
	};
	objectVersion = 56;
	objects = {

/* Begin PBXBuildFile section */
		B3261D452C86320E008DBA57 /* onBoardingSlidesViewController.swift in Sources */ = {isa = PBXBuildFile; fileRef = B3261D442C86320E008DBA57 /* onBoardingSlidesViewController.swift */; };
		B3261D482C86348D008DBA57 /* UIVIew+Extension.swift in Sources */ = {isa = PBXBuildFile; fileRef = B3261D472C86348D008DBA57 /* UIVIew+Extension.swift */; };
		B3261D4A2C863607008DBA57 /* onBoardingSlide.swift in Sources */ = {isa = PBXBuildFile; fileRef = B3261D492C863607008DBA57 /* onBoardingSlide.swift */; };
		B3261D4C2C86D399008DBA57 /* onBoardingSlidesCell.swift in Sources */ = {isa = PBXBuildFile; fileRef = B3261D4B2C86D399008DBA57 /* onBoardingSlidesCell.swift */; };
		B35C581B2C816A2600B73286 /* AppDelegate.swift in Sources */ = {isa = PBXBuildFile; fileRef = B35C581A2C816A2600B73286 /* AppDelegate.swift */; };
		B35C581D2C816A2600B73286 /* SceneDelegate.swift in Sources */ = {isa = PBXBuildFile; fileRef = B35C581C2C816A2600B73286 /* SceneDelegate.swift */; };
		B35C58222C816A2600B73286 /* Base in Resources */ = {isa = PBXBuildFile; fileRef = B35C58212C816A2600B73286 /* Base */; };
		B35C58242C816A2800B73286 /* Assets.xcassets in Resources */ = {isa = PBXBuildFile; fileRef = B35C58232C816A2800B73286 /* Assets.xcassets */; };
		B35C58272C816A2800B73286 /* Base in Resources */ = {isa = PBXBuildFile; fileRef = B35C58262C816A2800B73286 /* Base */; };
		B35C58342C81737100B73286 /* coffee.swift in Sources */ = {isa = PBXBuildFile; fileRef = B35C58332C81737100B73286 /* coffee.swift */; };
		B35C58362C817BAE00B73286 /* menu.json in Resources */ = {isa = PBXBuildFile; fileRef = B35C58352C817BAE00B73286 /* menu.json */; };
/* End PBXBuildFile section */

/* Begin PBXFileReference section */
		B3261D442C86320E008DBA57 /* onBoardingSlidesViewController.swift */ = {isa = PBXFileReference; lastKnownFileType = sourcecode.swift; path = onBoardingSlidesViewController.swift; sourceTree = "<group>"; };
		B3261D472C86348D008DBA57 /* UIVIew+Extension.swift */ = {isa = PBXFileReference; lastKnownFileType = sourcecode.swift; path = "UIVIew+Extension.swift"; sourceTree = "<group>"; };
		B3261D492C863607008DBA57 /* onBoardingSlide.swift */ = {isa = PBXFileReference; lastKnownFileType = sourcecode.swift; path = onBoardingSlide.swift; sourceTree = "<group>"; };
		B3261D4B2C86D399008DBA57 /* onBoardingSlidesCell.swift */ = {isa = PBXFileReference; lastKnownFileType = sourcecode.swift; path = onBoardingSlidesCell.swift; sourceTree = "<group>"; };
		B35C58172C816A2600B73286 /* coffee.app */ = {isa = PBXFileReference; explicitFileType = wrapper.application; includeInIndex = 0; path = coffee.app; sourceTree = BUILT_PRODUCTS_DIR; };
		B35C581A2C816A2600B73286 /* AppDelegate.swift */ = {isa = PBXFileReference; lastKnownFileType = sourcecode.swift; path = AppDelegate.swift; sourceTree = "<group>"; };
		B35C581C2C816A2600B73286 /* SceneDelegate.swift */ = {isa = PBXFileReference; lastKnownFileType = sourcecode.swift; path = SceneDelegate.swift; sourceTree = "<group>"; };
		B35C58212C816A2600B73286 /* Base */ = {isa = PBXFileReference; lastKnownFileType = file.storyboard; name = Base; path = Base.lproj/Main.storyboard; sourceTree = "<group>"; };
		B35C58232C816A2800B73286 /* Assets.xcassets */ = {isa = PBXFileReference; lastKnownFileType = folder.assetcatalog; path = Assets.xcassets; sourceTree = "<group>"; };
		B35C58262C816A2800B73286 /* Base */ = {isa = PBXFileReference; lastKnownFileType = file.storyboard; name = Base; path = Base.lproj/LaunchScreen.storyboard; sourceTree = "<group>"; };
		B35C58282C816A2800B73286 /* Info.plist */ = {isa = PBXFileReference; lastKnownFileType = text.plist.xml; path = Info.plist; sourceTree = "<group>"; };
		B35C58332C81737100B73286 /* coffee.swift */ = {isa = PBXFileReference; lastKnownFileType = sourcecode.swift; path = coffee.swift; sourceTree = "<group>"; };
		B35C58352C817BAE00B73286 /* menu.json */ = {isa = PBXFileReference; fileEncoding = 4; lastKnownFileType = text.json; path = menu.json; sourceTree = "<group>"; };
/* End PBXFileReference section */

/* Begin PBXFrameworksBuildPhase section */
		B35C58142C816A2600B73286 /* Frameworks */ = {
			isa = PBXFrameworksBuildPhase;
			buildActionMask = 2147483647;
			files = (
			);
			runOnlyForDeploymentPostprocessing = 0;
		};
/* End PBXFrameworksBuildPhase section */

/* Begin PBXGroup section */
		B3261D422C8631E1008DBA57 /* View */ = {
			isa = PBXGroup;
			children = (
				B3261D432C8631F1008DBA57 /* onBoardingSlides */,
			);
			path = View;
			sourceTree = "<group>";
		};
		B3261D432C8631F1008DBA57 /* onBoardingSlides */ = {
			isa = PBXGroup;
			children = (
				B3261D442C86320E008DBA57 /* onBoardingSlidesViewController.swift */,
				B3261D4B2C86D399008DBA57 /* onBoardingSlidesCell.swift */,
			);
			path = onBoardingSlides;
			sourceTree = "<group>";
		};
		B3261D462C86346C008DBA57 /* Extension */ = {
			isa = PBXGroup;
			children = (
				B3261D472C86348D008DBA57 /* UIVIew+Extension.swift */,
			);
			path = Extension;
			sourceTree = "<group>";
		};
		B35C580E2C816A2600B73286 = {
			isa = PBXGroup;
			children = (
				B35C58192C816A2600B73286 /* coffee */,
				B35C58182C816A2600B73286 /* Products */,
			);
			sourceTree = "<group>";
		};
		B35C58182C816A2600B73286 /* Products */ = {
			isa = PBXGroup;
			children = (
				B35C58172C816A2600B73286 /* coffee.app */,
			);
			name = Products;
			sourceTree = "<group>";
		};
		B35C58192C816A2600B73286 /* coffee */ = {
			isa = PBXGroup;
			children = (
				B3261D462C86346C008DBA57 /* Extension */,
				B3261D422C8631E1008DBA57 /* View */,
				B35C58372C817BBB00B73286 /* Data */,
				B35C58322C81735000B73286 /* Model */,
				B35C581A2C816A2600B73286 /* AppDelegate.swift */,
				B35C581C2C816A2600B73286 /* SceneDelegate.swift */,
				B35C58202C816A2600B73286 /* Main.storyboard */,
				B35C58232C816A2800B73286 /* Assets.xcassets */,
				B35C58252C816A2800B73286 /* LaunchScreen.storyboard */,
				B35C58282C816A2800B73286 /* Info.plist */,
			);
			path = coffee;
			sourceTree = "<group>";
		};
		B35C58322C81735000B73286 /* Model */ = {
			isa = PBXGroup;
			children = (
				B35C58332C81737100B73286 /* coffee.swift */,
				B3261D492C863607008DBA57 /* onBoardingSlide.swift */,
			);
			path = Model;
			sourceTree = "<group>";
		};
		B35C58372C817BBB00B73286 /* Data */ = {
			isa = PBXGroup;
			children = (
				B35C58352C817BAE00B73286 /* menu.json */,
			);
			path = Data;
			sourceTree = "<group>";
		};
/* End PBXGroup section */

/* Begin PBXNativeTarget section */
		B35C58162C816A2600B73286 /* coffee */ = {
			isa = PBXNativeTarget;
			buildConfigurationList = B35C582B2C816A2800B73286 /* Build configuration list for PBXNativeTarget "coffee" */;
			buildPhases = (
				B35C58132C816A2600B73286 /* Sources */,
				B35C58142C816A2600B73286 /* Frameworks */,
				B35C58152C816A2600B73286 /* Resources */,
			);
			buildRules = (
			);
			dependencies = (
			);
			name = coffee;
			productName = coffee;
			productReference = B35C58172C816A2600B73286 /* coffee.app */;
			productType = "com.apple.product-type.application";
		};
/* End PBXNativeTarget section */

/* Begin PBXProject section */
		B35C580F2C816A2600B73286 /* Project object */ = {
			isa = PBXProject;
			attributes = {
				BuildIndependentTargetsInParallel = 1;
				LastSwiftUpdateCheck = 1530;
				LastUpgradeCheck = 1530;
				TargetAttributes = {
					B35C58162C816A2600B73286 = {
						CreatedOnToolsVersion = 15.3;
					};
				};
			};
			buildConfigurationList = B35C58122C816A2600B73286 /* Build configuration list for PBXProject "coffee" */;
			compatibilityVersion = "Xcode 14.0";
			developmentRegion = en;
			hasScannedForEncodings = 0;
			knownRegions = (
				en,
				Base,
			);
			mainGroup = B35C580E2C816A2600B73286;
			productRefGroup = B35C58182C816A2600B73286 /* Products */;
			projectDirPath = "";
			projectRoot = "";
			targets = (
				B35C58162C816A2600B73286 /* coffee */,
			);
		};
/* End PBXProject section */

/* Begin PBXResourcesBuildPhase section */
		B35C58152C816A2600B73286 /* Resources */ = {
			isa = PBXResourcesBuildPhase;
			buildActionMask = 2147483647;
			files = (
				B35C58242C816A2800B73286 /* Assets.xcassets in Resources */,
				B35C58272C816A2800B73286 /* Base in Resources */,
				B35C58362C817BAE00B73286 /* menu.json in Resources */,
				B35C58222C816A2600B73286 /* Base in Resources */,
			);
			runOnlyForDeploymentPostprocessing = 0;
		};
/* End PBXResourcesBuildPhase section */

/* Begin PBXSourcesBuildPhase section */
		B35C58132C816A2600B73286 /* Sources */ = {
			isa = PBXSourcesBuildPhase;
			buildActionMask = 2147483647;
			files = (
				B35C581B2C816A2600B73286 /* AppDelegate.swift in Sources */,
				B3261D4C2C86D399008DBA57 /* onBoardingSlidesCell.swift in Sources */,
				B3261D452C86320E008DBA57 /* onBoardingSlidesViewController.swift in Sources */,
				B35C581D2C816A2600B73286 /* SceneDelegate.swift in Sources */,
				B3261D482C86348D008DBA57 /* UIVIew+Extension.swift in Sources */,
				B3261D4A2C863607008DBA57 /* onBoardingSlide.swift in Sources */,
				B35C58342C81737100B73286 /* coffee.swift in Sources */,
			);
			runOnlyForDeploymentPostprocessing = 0;
		};
/* End PBXSourcesBuildPhase section */

/* Begin PBXVariantGroup section */
		B35C58202C816A2600B73286 /* Main.storyboard */ = {
			isa = PBXVariantGroup;
			children = (
				B35C58212C816A2600B73286 /* Base */,
			);
			name = Main.storyboard;
			sourceTree = "<group>";
		};
		B35C58252C816A2800B73286 /* LaunchScreen.storyboard */ = {
			isa = PBXVariantGroup;
			children = (
				B35C58262C816A2800B73286 /* Base */,
			);
			name = LaunchScreen.storyboard;
			sourceTree = "<group>";
		};
/* End PBXVariantGroup section */

/* Begin XCBuildConfiguration section */
		B35C58292C816A2800B73286 /* Debug */ = {
			isa = XCBuildConfiguration;
			buildSettings = {
				ALWAYS_SEARCH_USER_PATHS = NO;
				ASSETCATALOG_COMPILER_GENERATE_SWIFT_ASSET_SYMBOL_EXTENSIONS = YES;
				CLANG_ANALYZER_NONNULL = YES;
				CLANG_ANALYZER_NUMBER_OBJECT_CONVERSION = YES_AGGRESSIVE;
				CLANG_CXX_LANGUAGE_STANDARD = "gnu++20";
				CLANG_ENABLE_MODULES = YES;
				CLANG_ENABLE_OBJC_ARC = YES;
				CLANG_ENABLE_OBJC_WEAK = YES;
				CLANG_WARN_BLOCK_CAPTURE_AUTORELEASING = YES;
				CLANG_WARN_BOOL_CONVERSION = YES;
				CLANG_WARN_COMMA = YES;
				CLANG_WARN_CONSTANT_CONVERSION = YES;
				CLANG_WARN_DEPRECATED_OBJC_IMPLEMENTATIONS = YES;
				CLANG_WARN_DIRECT_OBJC_ISA_USAGE = YES_ERROR;
				CLANG_WARN_DOCUMENTATION_COMMENTS = YES;
				CLANG_WARN_EMPTY_BODY = YES;
				CLANG_WARN_ENUM_CONVERSION = YES;
				CLANG_WARN_INFINITE_RECURSION = YES;
				CLANG_WARN_INT_CONVERSION = YES;
				CLANG_WARN_NON_LITERAL_NULL_CONVERSION = YES;
				CLANG_WARN_OBJC_IMPLICIT_RETAIN_SELF = YES;
				CLANG_WARN_OBJC_LITERAL_CONVERSION = YES;
				CLANG_WARN_OBJC_ROOT_CLASS = YES_ERROR;
				CLANG_WARN_QUOTED_INCLUDE_IN_FRAMEWORK_HEADER = YES;
				CLANG_WARN_RANGE_LOOP_ANALYSIS = YES;
				CLANG_WARN_STRICT_PROTOTYPES = YES;
				CLANG_WARN_SUSPICIOUS_MOVE = YES;
				CLANG_WARN_UNGUARDED_AVAILABILITY = YES_AGGRESSIVE;
				CLANG_WARN_UNREACHABLE_CODE = YES;
				CLANG_WARN__DUPLICATE_METHOD_MATCH = YES;
				COPY_PHASE_STRIP = NO;
				DEBUG_INFORMATION_FORMAT = dwarf;
				ENABLE_STRICT_OBJC_MSGSEND = YES;
				ENABLE_TESTABILITY = YES;
				ENABLE_USER_SCRIPT_SANDBOXING = YES;
				GCC_C_LANGUAGE_STANDARD = gnu17;
				GCC_DYNAMIC_NO_PIC = NO;
				GCC_NO_COMMON_BLOCKS = YES;
				GCC_OPTIMIZATION_LEVEL = 0;
				GCC_PREPROCESSOR_DEFINITIONS = (
					"DEBUG=1",
					"$(inherited)",
				);
				GCC_WARN_64_TO_32_BIT_CONVERSION = YES;
				GCC_WARN_ABOUT_RETURN_TYPE = YES_ERROR;
				GCC_WARN_UNDECLARED_SELECTOR = YES;
				GCC_WARN_UNINITIALIZED_AUTOS = YES_AGGRESSIVE;
				GCC_WARN_UNUSED_FUNCTION = YES;
				GCC_WARN_UNUSED_VARIABLE = YES;
				IPHONEOS_DEPLOYMENT_TARGET = 17.4;
				LOCALIZATION_PREFERS_STRING_CATALOGS = YES;
				MTL_ENABLE_DEBUG_INFO = INCLUDE_SOURCE;
				MTL_FAST_MATH = YES;
				ONLY_ACTIVE_ARCH = YES;
				SDKROOT = iphoneos;
				SWIFT_ACTIVE_COMPILATION_CONDITIONS = "DEBUG $(inherited)";
				SWIFT_OPTIMIZATION_LEVEL = "-Onone";
			};
			name = Debug;
		};
		B35C582A2C816A2800B73286 /* Release */ = {
			isa = XCBuildConfiguration;
			buildSettings = {
				ALWAYS_SEARCH_USER_PATHS = NO;
				ASSETCATALOG_COMPILER_GENERATE_SWIFT_ASSET_SYMBOL_EXTENSIONS = YES;
				CLANG_ANALYZER_NONNULL = YES;
				CLANG_ANALYZER_NUMBER_OBJECT_CONVERSION = YES_AGGRESSIVE;
				CLANG_CXX_LANGUAGE_STANDARD = "gnu++20";
				CLANG_ENABLE_MODULES = YES;
				CLANG_ENABLE_OBJC_ARC = YES;
				CLANG_ENABLE_OBJC_WEAK = YES;
				CLANG_WARN_BLOCK_CAPTURE_AUTORELEASING = YES;
				CLANG_WARN_BOOL_CONVERSION = YES;
				CLANG_WARN_COMMA = YES;
				CLANG_WARN_CONSTANT_CONVERSION = YES;
				CLANG_WARN_DEPRECATED_OBJC_IMPLEMENTATIONS = YES;
				CLANG_WARN_DIRECT_OBJC_ISA_USAGE = YES_ERROR;
				CLANG_WARN_DOCUMENTATION_COMMENTS = YES;
				CLANG_WARN_EMPTY_BODY = YES;
				CLANG_WARN_ENUM_CONVERSION = YES;
				CLANG_WARN_INFINITE_RECURSION = YES;
				CLANG_WARN_INT_CONVERSION = YES;
				CLANG_WARN_NON_LITERAL_NULL_CONVERSION = YES;
				CLANG_WARN_OBJC_IMPLICIT_RETAIN_SELF = YES;
				CLANG_WARN_OBJC_LITERAL_CONVERSION = YES;
				CLANG_WARN_OBJC_ROOT_CLASS = YES_ERROR;
				CLANG_WARN_QUOTED_INCLUDE_IN_FRAMEWORK_HEADER = YES;
				CLANG_WARN_RANGE_LOOP_ANALYSIS = YES;
				CLANG_WARN_STRICT_PROTOTYPES = YES;
				CLANG_WARN_SUSPICIOUS_MOVE = YES;
				CLANG_WARN_UNGUARDED_AVAILABILITY = YES_AGGRESSIVE;
				CLANG_WARN_UNREACHABLE_CODE = YES;
				CLANG_WARN__DUPLICATE_METHOD_MATCH = YES;
				COPY_PHASE_STRIP = NO;
				DEBUG_INFORMATION_FORMAT = "dwarf-with-dsym";
				ENABLE_NS_ASSERTIONS = NO;
				ENABLE_STRICT_OBJC_MSGSEND = YES;
				ENABLE_USER_SCRIPT_SANDBOXING = YES;
				GCC_C_LANGUAGE_STANDARD = gnu17;
				GCC_NO_COMMON_BLOCKS = YES;
				GCC_WARN_64_TO_32_BIT_CONVERSION = YES;
				GCC_WARN_ABOUT_RETURN_TYPE = YES_ERROR;
				GCC_WARN_UNDECLARED_SELECTOR = YES;
				GCC_WARN_UNINITIALIZED_AUTOS = YES_AGGRESSIVE;
				GCC_WARN_UNUSED_FUNCTION = YES;
				GCC_WARN_UNUSED_VARIABLE = YES;
				IPHONEOS_DEPLOYMENT_TARGET = 17.4;
				LOCALIZATION_PREFERS_STRING_CATALOGS = YES;
				MTL_ENABLE_DEBUG_INFO = NO;
				MTL_FAST_MATH = YES;
				SDKROOT = iphoneos;
				SWIFT_COMPILATION_MODE = wholemodule;
				VALIDATE_PRODUCT = YES;
			};
			name = Release;
		};
		B35C582C2C816A2800B73286 /* Debug */ = {
			isa = XCBuildConfiguration;
			buildSettings = {
				ASSETCATALOG_COMPILER_APPICON_NAME = AppIcon;
				ASSETCATALOG_COMPILER_GLOBAL_ACCENT_COLOR_NAME = AccentColor;
				CODE_SIGN_STYLE = Automatic;
				CURRENT_PROJECT_VERSION = 1;
				GENERATE_INFOPLIST_FILE = YES;
				INFOPLIST_FILE = coffee/Info.plist;
				INFOPLIST_KEY_UIApplicationSupportsIndirectInputEvents = YES;
				INFOPLIST_KEY_UILaunchStoryboardName = LaunchScreen;
				INFOPLIST_KEY_UIMainStoryboardFile = Main;
				INFOPLIST_KEY_UISupportedInterfaceOrientations_iPad = "UIInterfaceOrientationPortrait UIInterfaceOrientationPortraitUpsideDown UIInterfaceOrientationLandscapeLeft UIInterfaceOrientationLandscapeRight";
				INFOPLIST_KEY_UISupportedInterfaceOrientations_iPhone = "UIInterfaceOrientationPortrait UIInterfaceOrientationLandscapeLeft UIInterfaceOrientationLandscapeRight";
				LD_RUNPATH_SEARCH_PATHS = (
					"$(inherited)",
					"@executable_path/Frameworks",
				);
				MARKETING_VERSION = 1.0;
				PRODUCT_BUNDLE_IDENTIFIER = Leo.coffee;
				PRODUCT_NAME = "$(TARGET_NAME)";
				SWIFT_EMIT_LOC_STRINGS = YES;
				SWIFT_VERSION = 5.0;
				TARGETED_DEVICE_FAMILY = "1,2";
			};
			name = Debug;
		};
		B35C582D2C816A2800B73286 /* Release */ = {
			isa = XCBuildConfiguration;
			buildSettings = {
				ASSETCATALOG_COMPILER_APPICON_NAME = AppIcon;
				ASSETCATALOG_COMPILER_GLOBAL_ACCENT_COLOR_NAME = AccentColor;
				CODE_SIGN_STYLE = Automatic;
				CURRENT_PROJECT_VERSION = 1;
				GENERATE_INFOPLIST_FILE = YES;
				INFOPLIST_FILE = coffee/Info.plist;
				INFOPLIST_KEY_UIApplicationSupportsIndirectInputEvents = YES;
				INFOPLIST_KEY_UILaunchStoryboardName = LaunchScreen;
				INFOPLIST_KEY_UIMainStoryboardFile = Main;
				INFOPLIST_KEY_UISupportedInterfaceOrientations_iPad = "UIInterfaceOrientationPortrait UIInterfaceOrientationPortraitUpsideDown UIInterfaceOrientationLandscapeLeft UIInterfaceOrientationLandscapeRight";
				INFOPLIST_KEY_UISupportedInterfaceOrientations_iPhone = "UIInterfaceOrientationPortrait UIInterfaceOrientationLandscapeLeft UIInterfaceOrientationLandscapeRight";
				LD_RUNPATH_SEARCH_PATHS = (
					"$(inherited)",
					"@executable_path/Frameworks",
				);
				MARKETING_VERSION = 1.0;
				PRODUCT_BUNDLE_IDENTIFIER = Leo.coffee;
				PRODUCT_NAME = "$(TARGET_NAME)";
				SWIFT_EMIT_LOC_STRINGS = YES;
				SWIFT_VERSION = 5.0;
				TARGETED_DEVICE_FAMILY = "1,2";
			};
			name = Release;
		};
/* End XCBuildConfiguration section */

/* Begin XCConfigurationList section */
		B35C58122C816A2600B73286 /* Build configuration list for PBXProject "coffee" */ = {
			isa = XCConfigurationList;
			buildConfigurations = (
				B35C58292C816A2800B73286 /* Debug */,
				B35C582A2C816A2800B73286 /* Release */,
			);
			defaultConfigurationIsVisible = 0;
			defaultConfigurationName = Release;
		};
		B35C582B2C816A2800B73286 /* Build configuration list for PBXNativeTarget "coffee" */ = {
			isa = XCConfigurationList;
			buildConfigurations = (
				B35C582C2C816A2800B73286 /* Debug */,
				B35C582D2C816A2800B73286 /* Release */,
			);
			defaultConfigurationIsVisible = 0;
			defaultConfigurationName = Release;
		};
/* End XCConfigurationList section */
	};
	rootObject = B35C580F2C816A2600B73286 /* Project object */;
}
